{
  "requires": true,
  "lockfileVersion": 1,
  "dependencies": {
    "emoji-picker-react": {
      "version": "4.5.16",
      "resolved": "https://registry.npmjs.org/emoji-picker-react/-/emoji-picker-react-4.5.16.tgz",
      "integrity": "sha512-RXaOH1EapmqbtRSMaHnwJWMfA6kiPipg/gN4cFOQRQKvrTQIA3K5+yUyzFuq8O7umIEtXUi1C1tf2dPvyyn44Q=="
    }
  }
}
